
Microsoft Visual Studio Solution File, Format Version 12.00
# Visual Studio Version 17
VisualStudioVersion = 17.13.35818.85 d17.13
MinimumVisualStudioVersion = 10.0.40219.1
Project("{FAE04EC0-301F-11D3-BF4B-00C04F79EFBC}") = "MauiM3Agenda1", "MauiM3Agenda1\MauiM3Agenda1.csproj", "{508FAB83-541B-4CC1-AA8F-5DBA444A0F6E}"
EndProject
Global
	GlobalSection(SolutionConfigurationPlatforms) = preSolution
		Debug|Any CPU = Debug|Any CPU
		Release|Any CPU = Release|Any CPU
	EndGlobalSection
	GlobalSection(ProjectConfigurationPlatforms) = postSolution
		{508FAB83-541B-4CC1-AA8F-5DBA444A0F6E}.Debug|Any CPU.ActiveCfg = Debug|Any CPU
		{508FAB83-541B-4CC1-AA8F-5DBA444A0F6E}.Debug|Any CPU.Build.0 = Debug|Any CPU
		{508FAB83-541B-4CC1-AA8F-5DBA444A0F6E}.Release|Any CPU.ActiveCfg = Release|Any CPU
		{508FAB83-541B-4CC1-AA8F-5DBA444A0F6E}.Release|Any CPU.Build.0 = Release|Any CPU
	EndGlobalSection
	GlobalSection(SolutionProperties) = preSolution
		HideSolutionNode = FALSE
	EndGlobalSection
	GlobalSection(ExtensibilityGlobals) = postSolution
		SolutionGuid = {1B4A5A65-873A-467B-8CCB-DB57AD907565}
	EndGlobalSection
EndGlobal
